
Microsoft Visual Studio Solution File, Format Version 12.00
# Visual Studio 15
VisualStudioVersion = 15.0.27130.2010
MinimumVisualStudioVersion = 10.0.40219.1
Project("{FAE04EC0-301F-11D3-BF4B-00C04F79EFBC}") = "ExploreCalifornia", "ExploreCalifornia\ExploreCalifornia.csproj", "{C1E836C8-C12E-4773-8D41-3EA964EC1CA4}"
EndProject
Global
	GlobalSection(SolutionConfigurationPlatforms) = preSolution
		Debug|Any CPU = Debug|Any CPU
		Release|Any CPU = Release|Any CPU
	EndGlobalSection
	GlobalSection(ProjectConfigurationPlatforms) = postSolution
		{C1E836C8-C12E-4773-8D41-3EA964EC1CA4}.Debug|Any CPU.ActiveCfg = Debug|Any CPU
		{C1E836C8-C12E-4773-8D41-3EA964EC1CA4}.Debug|Any CPU.Build.0 = Debug|Any CPU
		{C1E836C8-C12E-4773-8D41-3EA964EC1CA4}.Release|Any CPU.ActiveCfg = Release|Any CPU
		{C1E836C8-C12E-4773-8D41-3EA964EC1CA4}.Release|Any CPU.Build.0 = Release|Any CPU
	EndGlobalSection
	GlobalSection(SolutionProperties) = preSolution
		HideSolutionNode = FALSE
	EndGlobalSection
	GlobalSection(ExtensibilityGlobals) = postSolution
		SolutionGuid = {CF597098-A638-413A-A9E1-55997990B406}
	EndGlobalSection
EndGlobal
